// !$*UTF8*$!
{
	archiveVersion = 1;
	classes = {
	};
	objectVersion = 54;
	objects = {

/* Begin PBXBuildFile section */
		697FE7C426E8EAA00060F0CE /* AppDelegate.swift in Sources */ = {isa = PBXBuildFile; fileRef = 697FE7C326E8EAA00060F0CE /* AppDelegate.swift */; };
		697FE7C626E8EAA00060F0CE /* SceneDelegate.swift in Sources */ = {isa = PBXBuildFile; fileRef = 697FE7C526E8EAA00060F0CE /* SceneDelegate.swift */; };
		697FE7CB26E8EAA00060F0CE /* Main.storyboard in Resources */ = {isa = PBXBuildFile; fileRef = 697FE7C926E8EAA00060F0CE /* Main.storyboard */; };
		697FE7CE26E8EAA00060F0CE /* Reciplease.xcdatamodeld in Sources */ = {isa = PBXBuildFile; fileRef = 697FE7CC26E8EAA00060F0CE /* Reciplease.xcdatamodeld */; };
		697FE7D026E8EAA10060F0CE /* Assets.xcassets in Resources */ = {isa = PBXBuildFile; fileRef = 697FE7CF26E8EAA10060F0CE /* Assets.xcassets */; };
		697FE7D326E8EAA10060F0CE /* LaunchScreen.storyboard in Resources */ = {isa = PBXBuildFile; fileRef = 697FE7D126E8EAA10060F0CE /* LaunchScreen.storyboard */; };
		697FE7FF26E9074D0060F0CE /* CustomTabBarController.swift in Sources */ = {isa = PBXBuildFile; fileRef = 697FE7FE26E9074D0060F0CE /* CustomTabBarController.swift */; };
		6981748326F0807F003E8110 /* RecipeTableViewCell.swift in Sources */ = {isa = PBXBuildFile; fileRef = 6981748226F0807F003E8110 /* RecipeTableViewCell.swift */; };
		6997167326F2202800467F48 /* RecipeViewController.swift in Sources */ = {isa = PBXBuildFile; fileRef = 6997167226F2202800467F48 /* RecipeViewController.swift */; };
		6997167526F237B100467F48 /* ErrorType.swift in Sources */ = {isa = PBXBuildFile; fileRef = 6997167426F237B100467F48 /* ErrorType.swift */; };
		69991AED26EA26CA00A9DE90 /* SearchViewController.swift in Sources */ = {isa = PBXBuildFile; fileRef = 69991AEC26EA26CA00A9DE90 /* SearchViewController.swift */; };
		69991AEF26EA446200A9DE90 /* RecipeService.swift in Sources */ = {isa = PBXBuildFile; fileRef = 69991AEE26EA446200A9DE90 /* RecipeService.swift */; };
		699EBF3626EF74EC003CBA46 /* ListTableViewController.swift in Sources */ = {isa = PBXBuildFile; fileRef = 699EBF3526EF74EC003CBA46 /* ListTableViewController.swift */; };
		699FB06226F4D97F00E52A90 /* DetailRecipeViewController.swift in Sources */ = {isa = PBXBuildFile; fileRef = 699FB06126F4D97F00E52A90 /* DetailRecipeViewController.swift */; };
		69A0046C26F8A99400E098A1 /* RecipeSaved.swift in Sources */ = {isa = PBXBuildFile; fileRef = 69A0046B26F8A99400E098A1 /* RecipeSaved.swift */; };
		69A2476A26EB42A500DE9C00 /* APIkey.swift in Sources */ = {isa = PBXBuildFile; fileRef = 69A2476926EB42A500DE9C00 /* APIkey.swift */; };
		69A2476C26EB672400DE9C00 /* RecipeList.swift in Sources */ = {isa = PBXBuildFile; fileRef = 69A2476B26EB672400DE9C00 /* RecipeList.swift */; };
		DFCCA4C3D55A006488110C07 /* Pods_Reciplease.framework in Frameworks */ = {isa = PBXBuildFile; fileRef = A6101025FB41178EA2760965 /* Pods_Reciplease.framework */; };
/* End PBXBuildFile section */

/* Begin PBXFileReference section */
		2636E3561DAAB3E67550F3D7 /* Pods-Reciplease.release.xcconfig */ = {isa = PBXFileReference; includeInIndex = 1; lastKnownFileType = text.xcconfig; name = "Pods-Reciplease.release.xcconfig"; path = "Target Support Files/Pods-Reciplease/Pods-Reciplease.release.xcconfig"; sourceTree = "<group>"; };
		697FE7C026E8EAA00060F0CE /* Reciplease.app */ = {isa = PBXFileReference; explicitFileType = wrapper.application; includeInIndex = 0; path = Reciplease.app; sourceTree = BUILT_PRODUCTS_DIR; };
		697FE7C326E8EAA00060F0CE /* AppDelegate.swift */ = {isa = PBXFileReference; lastKnownFileType = sourcecode.swift; path = AppDelegate.swift; sourceTree = "<group>"; };
		697FE7C526E8EAA00060F0CE /* SceneDelegate.swift */ = {isa = PBXFileReference; lastKnownFileType = sourcecode.swift; path = SceneDelegate.swift; sourceTree = "<group>"; };
		697FE7CA26E8EAA00060F0CE /* Base */ = {isa = PBXFileReference; lastKnownFileType = file.storyboard; name = Base; path = Base.lproj/Main.storyboard; sourceTree = "<group>"; };
		697FE7CD26E8EAA00060F0CE /* Reciplease.xcdatamodel */ = {isa = PBXFileReference; lastKnownFileType = wrapper.xcdatamodel; path = Reciplease.xcdatamodel; sourceTree = "<group>"; };
		697FE7CF26E8EAA10060F0CE /* Assets.xcassets */ = {isa = PBXFileReference; lastKnownFileType = folder.assetcatalog; path = Assets.xcassets; sourceTree = "<group>"; };
		697FE7D226E8EAA10060F0CE /* Base */ = {isa = PBXFileReference; lastKnownFileType = file.storyboard; name = Base; path = Base.lproj/LaunchScreen.storyboard; sourceTree = "<group>"; };
		697FE7D426E8EAA10060F0CE /* Info.plist */ = {isa = PBXFileReference; lastKnownFileType = text.plist.xml; path = Info.plist; sourceTree = "<group>"; };
		697FE7FE26E9074D0060F0CE /* CustomTabBarController.swift */ = {isa = PBXFileReference; lastKnownFileType = sourcecode.swift; path = CustomTabBarController.swift; sourceTree = "<group>"; };
		6981748226F0807F003E8110 /* RecipeTableViewCell.swift */ = {isa = PBXFileReference; lastKnownFileType = sourcecode.swift; path = RecipeTableViewCell.swift; sourceTree = "<group>"; };
		6997167226F2202800467F48 /* RecipeViewController.swift */ = {isa = PBXFileReference; lastKnownFileType = sourcecode.swift; path = RecipeViewController.swift; sourceTree = "<group>"; };
		6997167426F237B100467F48 /* ErrorType.swift */ = {isa = PBXFileReference; lastKnownFileType = sourcecode.swift; path = ErrorType.swift; sourceTree = "<group>"; };
		69991AEC26EA26CA00A9DE90 /* SearchViewController.swift */ = {isa = PBXFileReference; lastKnownFileType = sourcecode.swift; path = SearchViewController.swift; sourceTree = "<group>"; };
		69991AEE26EA446200A9DE90 /* RecipeService.swift */ = {isa = PBXFileReference; lastKnownFileType = sourcecode.swift; path = RecipeService.swift; sourceTree = "<group>"; };
		699EBF3526EF74EC003CBA46 /* ListTableViewController.swift */ = {isa = PBXFileReference; lastKnownFileType = sourcecode.swift; path = ListTableViewController.swift; sourceTree = "<group>"; };
		699FB06126F4D97F00E52A90 /* DetailRecipeViewController.swift */ = {isa = PBXFileReference; lastKnownFileType = sourcecode.swift; path = DetailRecipeViewController.swift; sourceTree = "<group>"; };
		69A0046B26F8A99400E098A1 /* RecipeSaved.swift */ = {isa = PBXFileReference; lastKnownFileType = sourcecode.swift; path = RecipeSaved.swift; sourceTree = "<group>"; };
		69A2476926EB42A500DE9C00 /* APIkey.swift */ = {isa = PBXFileReference; lastKnownFileType = sourcecode.swift; path = APIkey.swift; sourceTree = "<group>"; };
		69A2476B26EB672400DE9C00 /* RecipeList.swift */ = {isa = PBXFileReference; lastKnownFileType = sourcecode.swift; path = RecipeList.swift; sourceTree = "<group>"; };
		6CCFDDD39897521C4EC89E73 /* Pods-Reciplease.debug.xcconfig */ = {isa = PBXFileReference; includeInIndex = 1; lastKnownFileType = text.xcconfig; name = "Pods-Reciplease.debug.xcconfig"; path = "Target Support Files/Pods-Reciplease/Pods-Reciplease.debug.xcconfig"; sourceTree = "<group>"; };
		A6101025FB41178EA2760965 /* Pods_Reciplease.framework */ = {isa = PBXFileReference; explicitFileType = wrapper.framework; includeInIndex = 0; path = Pods_Reciplease.framework; sourceTree = BUILT_PRODUCTS_DIR; };
/* End PBXFileReference section */

/* Begin PBXFrameworksBuildPhase section */
		697FE7BD26E8EAA00060F0CE /* Frameworks */ = {
			isa = PBXFrameworksBuildPhase;
			buildActionMask = 2147483647;
			files = (
				DFCCA4C3D55A006488110C07 /* Pods_Reciplease.framework in Frameworks */,
			);
			runOnlyForDeploymentPostprocessing = 0;
		};
/* End PBXFrameworksBuildPhase section */

/* Begin PBXGroup section */
		0E22DDB758BA705D3936E773 /* Frameworks */ = {
			isa = PBXGroup;
			children = (
				A6101025FB41178EA2760965 /* Pods_Reciplease.framework */,
			);
			name = Frameworks;
			sourceTree = "<group>";
		};
		697FE7B726E8EAA00060F0CE = {
			isa = PBXGroup;
			children = (
				697FE7C226E8EAA00060F0CE /* Reciplease */,
				697FE7C126E8EAA00060F0CE /* Products */,
				E06F17C9D4F5556FE47BBC42 /* Pods */,
				0E22DDB758BA705D3936E773 /* Frameworks */,
			);
			sourceTree = "<group>";
		};
		697FE7C126E8EAA00060F0CE /* Products */ = {
			isa = PBXGroup;
			children = (
				697FE7C026E8EAA00060F0CE /* Reciplease.app */,
			);
			name = Products;
			sourceTree = "<group>";
		};
		697FE7C226E8EAA00060F0CE /* Reciplease */ = {
			isa = PBXGroup;
			children = (
				697FE7DD26E8EADC0060F0CE /* Supporting Files */,
				697FE7DC26E8EAD60060F0CE /* Model */,
				697FE7DB26E8EAD00060F0CE /* View */,
				697FE7DA26E8EAC90060F0CE /* Controller */,
			);
			path = Reciplease;
			sourceTree = "<group>";
		};
		697FE7DA26E8EAC90060F0CE /* Controller */ = {
			isa = PBXGroup;
			children = (
				69991AEC26EA26CA00A9DE90 /* SearchViewController.swift */,
				699EBF3526EF74EC003CBA46 /* ListTableViewController.swift */,
				6997167226F2202800467F48 /* RecipeViewController.swift */,
				699FB06126F4D97F00E52A90 /* DetailRecipeViewController.swift */,
			);
			path = Controller;
			sourceTree = "<group>";
		};
		697FE7DB26E8EAD00060F0CE /* View */ = {
			isa = PBXGroup;
			children = (
				697FE7D126E8EAA10060F0CE /* LaunchScreen.storyboard */,
				697FE7C926E8EAA00060F0CE /* Main.storyboard */,
				697FE7FE26E9074D0060F0CE /* CustomTabBarController.swift */,
				6981748226F0807F003E8110 /* RecipeTableViewCell.swift */,
			);
			path = View;
			sourceTree = "<group>";
		};
		697FE7DC26E8EAD60060F0CE /* Model */ = {
			isa = PBXGroup;
			children = (
				69A2476926EB42A500DE9C00 /* APIkey.swift */,
				697FE7CC26E8EAA00060F0CE /* Reciplease.xcdatamodeld */,
				6997167426F237B100467F48 /* ErrorType.swift */,
				69991AEE26EA446200A9DE90 /* RecipeService.swift */,
				69A2476B26EB672400DE9C00 /* RecipeList.swift */,
				69A0046B26F8A99400E098A1 /* RecipeSaved.swift */,
			);
			path = Model;
			sourceTree = "<group>";
		};
		697FE7DD26E8EADC0060F0CE /* Supporting Files */ = {
			isa = PBXGroup;
			children = (
				697FE7D426E8EAA10060F0CE /* Info.plist */,
				697FE7CF26E8EAA10060F0CE /* Assets.xcassets */,
				697FE7C326E8EAA00060F0CE /* AppDelegate.swift */,
				697FE7C526E8EAA00060F0CE /* SceneDelegate.swift */,
			);
			path = "Supporting Files";
			sourceTree = "<group>";
		};
		E06F17C9D4F5556FE47BBC42 /* Pods */ = {
			isa = PBXGroup;
			children = (
				6CCFDDD39897521C4EC89E73 /* Pods-Reciplease.debug.xcconfig */,
				2636E3561DAAB3E67550F3D7 /* Pods-Reciplease.release.xcconfig */,
			);
			path = Pods;
			sourceTree = "<group>";
		};
/* End PBXGroup section */

/* Begin PBXNativeTarget section */
		697FE7BF26E8EAA00060F0CE /* Reciplease */ = {
			isa = PBXNativeTarget;
			buildConfigurationList = 697FE7D726E8EAA10060F0CE /* Build configuration list for PBXNativeTarget "Reciplease" */;
			buildPhases = (
				66D40F2A50F4FB7CAB61F328 /* [CP] Check Pods Manifest.lock */,
				697FE7BC26E8EAA00060F0CE /* Sources */,
				697FE7BD26E8EAA00060F0CE /* Frameworks */,
				697FE7BE26E8EAA00060F0CE /* Resources */,
				0B475B26B963709E16835D53 /* [CP] Embed Pods Frameworks */,
				69A2476826EB40D400DE9C00 /* ShellScript */,
			);
			buildRules = (
			);
			dependencies = (
			);
			name = Reciplease;
			productName = Reciplease;
			productReference = 697FE7C026E8EAA00060F0CE /* Reciplease.app */;
			productType = "com.apple.product-type.application";
		};
/* End PBXNativeTarget section */

/* Begin PBXProject section */
		697FE7B826E8EAA00060F0CE /* Project object */ = {
			isa = PBXProject;
			attributes = {
				LastSwiftUpdateCheck = 1250;
				LastUpgradeCheck = 1250;
				TargetAttributes = {
					697FE7BF26E8EAA00060F0CE = {
						CreatedOnToolsVersion = 12.5.1;
					};
				};
			};
			buildConfigurationList = 697FE7BB26E8EAA00060F0CE /* Build configuration list for PBXProject "Reciplease" */;
			compatibilityVersion = "Xcode 9.3";
			developmentRegion = en;
			hasScannedForEncodings = 0;
			knownRegions = (
				en,
				Base,
			);
			mainGroup = 697FE7B726E8EAA00060F0CE;
			productRefGroup = 697FE7C126E8EAA00060F0CE /* Products */;
			projectDirPath = "";
			projectRoot = "";
			targets = (
				697FE7BF26E8EAA00060F0CE /* Reciplease */,
			);
		};
/* End PBXProject section */

/* Begin PBXResourcesBuildPhase section */
		697FE7BE26E8EAA00060F0CE /* Resources */ = {
			isa = PBXResourcesBuildPhase;
			buildActionMask = 2147483647;
			files = (
				697FE7D326E8EAA10060F0CE /* LaunchScreen.storyboard in Resources */,
				697FE7D026E8EAA10060F0CE /* Assets.xcassets in Resources */,
				697FE7CB26E8EAA00060F0CE /* Main.storyboard in Resources */,
			);
			runOnlyForDeploymentPostprocessing = 0;
		};
/* End PBXResourcesBuildPhase section */

/* Begin PBXShellScriptBuildPhase section */
		0B475B26B963709E16835D53 /* [CP] Embed Pods Frameworks */ = {
			isa = PBXShellScriptBuildPhase;
			buildActionMask = 2147483647;
			files = (
			);
			inputFileListPaths = (
				"${PODS_ROOT}/Target Support Files/Pods-Reciplease/Pods-Reciplease-frameworks-${CONFIGURATION}-input-files.xcfilelist",
			);
			name = "[CP] Embed Pods Frameworks";
			outputFileListPaths = (
				"${PODS_ROOT}/Target Support Files/Pods-Reciplease/Pods-Reciplease-frameworks-${CONFIGURATION}-output-files.xcfilelist",
			);
			runOnlyForDeploymentPostprocessing = 0;
			shellPath = /bin/sh;
			shellScript = "\"${PODS_ROOT}/Target Support Files/Pods-Reciplease/Pods-Reciplease-frameworks.sh\"\n";
			showEnvVarsInLog = 0;
		};
		66D40F2A50F4FB7CAB61F328 /* [CP] Check Pods Manifest.lock */ = {
			isa = PBXShellScriptBuildPhase;
			buildActionMask = 2147483647;
			files = (
			);
			inputFileListPaths = (
			);
			inputPaths = (
				"${PODS_PODFILE_DIR_PATH}/Podfile.lock",
				"${PODS_ROOT}/Manifest.lock",
			);
			name = "[CP] Check Pods Manifest.lock";
			outputFileListPaths = (
			);
			outputPaths = (
				"$(DERIVED_FILE_DIR)/Pods-Reciplease-checkManifestLockResult.txt",
			);
			runOnlyForDeploymentPostprocessing = 0;
			shellPath = /bin/sh;
			shellScript = "diff \"${PODS_PODFILE_DIR_PATH}/Podfile.lock\" \"${PODS_ROOT}/Manifest.lock\" > /dev/null\nif [ $? != 0 ] ; then\n    # print error to STDERR\n    echo \"error: The sandbox is not in sync with the Podfile.lock. Run 'pod install' or update your CocoaPods installation.\" >&2\n    exit 1\nfi\n# This output is used by Xcode 'outputs' to avoid re-running this script phase.\necho \"SUCCESS\" > \"${SCRIPT_OUTPUT_FILE_0}\"\n";
			showEnvVarsInLog = 0;
		};
		69A2476826EB40D400DE9C00 /* ShellScript */ = {
			isa = PBXShellScriptBuildPhase;
			alwaysOutOfDate = 1;
			buildActionMask = 8;
			files = (
			);
			inputFileListPaths = (
			);
			inputPaths = (
				"",
			);
			outputFileListPaths = (
			);
			outputPaths = (
			);
			runOnlyForDeploymentPostprocessing = 1;
			shellPath = /bin/sh;
			shellScript = "if test -d \"/opt/homebrew/bin/\"; then\n  PATH=\"/opt/homebrew/bin/:${PATH}\"\nfi\n\nexport PATH\n\nif which swiftlint >/dev/null; then\n  swiftlint\nelse\n  echo \"warning: SwiftLint not installed, download from https://github.com/realm/SwiftLint\"\nfi\n";
		};
/* End PBXShellScriptBuildPhase section */

/* Begin PBXSourcesBuildPhase section */
		697FE7BC26E8EAA00060F0CE /* Sources */ = {
			isa = PBXSourcesBuildPhase;
			buildActionMask = 2147483647;
			files = (
				697FE7CE26E8EAA00060F0CE /* Reciplease.xcdatamodeld in Sources */,
				6981748326F0807F003E8110 /* RecipeTableViewCell.swift in Sources */,
				69A2476A26EB42A500DE9C00 /* APIkey.swift in Sources */,
				699FB06226F4D97F00E52A90 /* DetailRecipeViewController.swift in Sources */,
				69991AED26EA26CA00A9DE90 /* SearchViewController.swift in Sources */,
				697FE7FF26E9074D0060F0CE /* CustomTabBarController.swift in Sources */,
				6997167326F2202800467F48 /* RecipeViewController.swift in Sources */,
				697FE7C426E8EAA00060F0CE /* AppDelegate.swift in Sources */,
				69A2476C26EB672400DE9C00 /* RecipeList.swift in Sources */,
				699EBF3626EF74EC003CBA46 /* ListTableViewController.swift in Sources */,
				697FE7C626E8EAA00060F0CE /* SceneDelegate.swift in Sources */,
				69A0046C26F8A99400E098A1 /* RecipeSaved.swift in Sources */,
				6997167526F237B100467F48 /* ErrorType.swift in Sources */,
				69991AEF26EA446200A9DE90 /* RecipeService.swift in Sources */,
			);
			runOnlyForDeploymentPostprocessing = 0;
		};
/* End PBXSourcesBuildPhase section */

/* Begin PBXVariantGroup section */
		697FE7C926E8EAA00060F0CE /* Main.storyboard */ = {
			isa = PBXVariantGroup;
			children = (
				697FE7CA26E8EAA00060F0CE /* Base */,
			);
			name = Main.storyboard;
			sourceTree = "<group>";
		};
		697FE7D126E8EAA10060F0CE /* LaunchScreen.storyboard */ = {
			isa = PBXVariantGroup;
			children = (
				697FE7D226E8EAA10060F0CE /* Base */,
			);
			name = LaunchScreen.storyboard;
			sourceTree = "<group>";
		};
/* End PBXVariantGroup section */

/* Begin XCBuildConfiguration section */
		697FE7D526E8EAA10060F0CE /* Debug */ = {
			isa = XCBuildConfiguration;
			buildSettings = {
				ALWAYS_SEARCH_USER_PATHS = NO;
				CLANG_ANALYZER_NONNULL = YES;
				CLANG_ANALYZER_NUMBER_OBJECT_CONVERSION = YES_AGGRESSIVE;
				CLANG_CXX_LANGUAGE_STANDARD = "gnu++14";
				CLANG_CXX_LIBRARY = "libc++";
				CLANG_ENABLE_MODULES = YES;
				CLANG_ENABLE_OBJC_ARC = YES;
				CLANG_ENABLE_OBJC_WEAK = YES;
				CLANG_WARN_BLOCK_CAPTURE_AUTORELEASING = YES;
				CLANG_WARN_BOOL_CONVERSION = YES;
				CLANG_WARN_COMMA = YES;
				CLANG_WARN_CONSTANT_CONVERSION = YES;
				CLANG_WARN_DEPRECATED_OBJC_IMPLEMENTATIONS = YES;
				CLANG_WARN_DIRECT_OBJC_ISA_USAGE = YES_ERROR;
				CLANG_WARN_DOCUMENTATION_COMMENTS = YES;
				CLANG_WARN_EMPTY_BODY = YES;
				CLANG_WARN_ENUM_CONVERSION = YES;
				CLANG_WARN_INFINITE_RECURSION = YES;
				CLANG_WARN_INT_CONVERSION = YES;
				CLANG_WARN_NON_LITERAL_NULL_CONVERSION = YES;
				CLANG_WARN_OBJC_IMPLICIT_RETAIN_SELF = YES;
				CLANG_WARN_OBJC_LITERAL_CONVERSION = YES;
				CLANG_WARN_OBJC_ROOT_CLASS = YES_ERROR;
				CLANG_WARN_QUOTED_INCLUDE_IN_FRAMEWORK_HEADER = YES;
				CLANG_WARN_RANGE_LOOP_ANALYSIS = YES;
				CLANG_WARN_STRICT_PROTOTYPES = YES;
				CLANG_WARN_SUSPICIOUS_MOVE = YES;
				CLANG_WARN_UNGUARDED_AVAILABILITY = YES_AGGRESSIVE;
				CLANG_WARN_UNREACHABLE_CODE = YES;
				CLANG_WARN__DUPLICATE_METHOD_MATCH = YES;
				COPY_PHASE_STRIP = NO;
				DEBUG_INFORMATION_FORMAT = dwarf;
				ENABLE_STRICT_OBJC_MSGSEND = YES;
				ENABLE_TESTABILITY = YES;
				GCC_C_LANGUAGE_STANDARD = gnu11;
				GCC_DYNAMIC_NO_PIC = NO;
				GCC_NO_COMMON_BLOCKS = YES;
				GCC_OPTIMIZATION_LEVEL = 0;
				GCC_PREPROCESSOR_DEFINITIONS = (
					"DEBUG=1",
					"$(inherited)",
				);
				GCC_WARN_64_TO_32_BIT_CONVERSION = YES;
				GCC_WARN_ABOUT_RETURN_TYPE = YES_ERROR;
				GCC_WARN_UNDECLARED_SELECTOR = YES;
				GCC_WARN_UNINITIALIZED_AUTOS = YES_AGGRESSIVE;
				GCC_WARN_UNUSED_FUNCTION = YES;
				GCC_WARN_UNUSED_VARIABLE = YES;
				IPHONEOS_DEPLOYMENT_TARGET = 14.5;
				MTL_ENABLE_DEBUG_INFO = INCLUDE_SOURCE;
				MTL_FAST_MATH = YES;
				ONLY_ACTIVE_ARCH = YES;
				SDKROOT = iphoneos;
				SWIFT_ACTIVE_COMPILATION_CONDITIONS = DEBUG;
				SWIFT_OPTIMIZATION_LEVEL = "-Onone";
			};
			name = Debug;
		};
		697FE7D626E8EAA10060F0CE /* Release */ = {
			isa = XCBuildConfiguration;
			buildSettings = {
				ALWAYS_SEARCH_USER_PATHS = NO;
				CLANG_ANALYZER_NONNULL = YES;
				CLANG_ANALYZER_NUMBER_OBJECT_CONVERSION = YES_AGGRESSIVE;
				CLANG_CXX_LANGUAGE_STANDARD = "gnu++14";
				CLANG_CXX_LIBRARY = "libc++";
				CLANG_ENABLE_MODULES = YES;
				CLANG_ENABLE_OBJC_ARC = YES;
				CLANG_ENABLE_OBJC_WEAK = YES;
				CLANG_WARN_BLOCK_CAPTURE_AUTORELEASING = YES;
				CLANG_WARN_BOOL_CONVERSION = YES;
				CLANG_WARN_COMMA = YES;
				CLANG_WARN_CONSTANT_CONVERSION = YES;
				CLANG_WARN_DEPRECATED_OBJC_IMPLEMENTATIONS = YES;
				CLANG_WARN_DIRECT_OBJC_ISA_USAGE = YES_ERROR;
				CLANG_WARN_DOCUMENTATION_COMMENTS = YES;
				CLANG_WARN_EMPTY_BODY = YES;
				CLANG_WARN_ENUM_CONVERSION = YES;
				CLANG_WARN_INFINITE_RECURSION = YES;
				CLANG_WARN_INT_CONVERSION = YES;
				CLANG_WARN_NON_LITERAL_NULL_CONVERSION = YES;
				CLANG_WARN_OBJC_IMPLICIT_RETAIN_SELF = YES;
				CLANG_WARN_OBJC_LITERAL_CONVERSION = YES;
				CLANG_WARN_OBJC_ROOT_CLASS = YES_ERROR;
				CLANG_WARN_QUOTED_INCLUDE_IN_FRAMEWORK_HEADER = YES;
				CLANG_WARN_RANGE_LOOP_ANALYSIS = YES;
				CLANG_WARN_STRICT_PROTOTYPES = YES;
				CLANG_WARN_SUSPICIOUS_MOVE = YES;
				CLANG_WARN_UNGUARDED_AVAILABILITY = YES_AGGRESSIVE;
				CLANG_WARN_UNREACHABLE_CODE = YES;
				CLANG_WARN__DUPLICATE_METHOD_MATCH = YES;
				COPY_PHASE_STRIP = NO;
				DEBUG_INFORMATION_FORMAT = "dwarf-with-dsym";
				ENABLE_NS_ASSERTIONS = NO;
				ENABLE_STRICT_OBJC_MSGSEND = YES;
				GCC_C_LANGUAGE_STANDARD = gnu11;
				GCC_NO_COMMON_BLOCKS = YES;
				GCC_WARN_64_TO_32_BIT_CONVERSION = YES;
				GCC_WARN_ABOUT_RETURN_TYPE = YES_ERROR;
				GCC_WARN_UNDECLARED_SELECTOR = YES;
				GCC_WARN_UNINITIALIZED_AUTOS = YES_AGGRESSIVE;
				GCC_WARN_UNUSED_FUNCTION = YES;
				GCC_WARN_UNUSED_VARIABLE = YES;
				IPHONEOS_DEPLOYMENT_TARGET = 14.5;
				MTL_ENABLE_DEBUG_INFO = NO;
				MTL_FAST_MATH = YES;
				SDKROOT = iphoneos;
				SWIFT_COMPILATION_MODE = wholemodule;
				SWIFT_OPTIMIZATION_LEVEL = "-O";
				VALIDATE_PRODUCT = YES;
			};
			name = Release;
		};
		697FE7D826E8EAA10060F0CE /* Debug */ = {
			isa = XCBuildConfiguration;
			baseConfigurationReference = 6CCFDDD39897521C4EC89E73 /* Pods-Reciplease.debug.xcconfig */;
			buildSettings = {
				ASSETCATALOG_COMPILER_APPICON_NAME = AppIcon;
				ASSETCATALOG_COMPILER_GLOBAL_ACCENT_COLOR_NAME = AccentColor;
				CODE_SIGN_STYLE = Automatic;
				DEVELOPMENT_TEAM = 96Q85JB8SS;
				INFOPLIST_FILE = "Reciplease/Supporting Files/Info.plist";
				LD_RUNPATH_SEARCH_PATHS = (
					"$(inherited)",
					"@executable_path/Frameworks",
				);
				PRODUCT_BUNDLE_IDENTIFIER = fr.buewaertromain.Reciplease;
				PRODUCT_NAME = "$(TARGET_NAME)";
				SWIFT_VERSION = 5.0;
				TARGETED_DEVICE_FAMILY = 1;
			};
			name = Debug;
		};
		697FE7D926E8EAA10060F0CE /* Release */ = {
			isa = XCBuildConfiguration;
			baseConfigurationReference = 2636E3561DAAB3E67550F3D7 /* Pods-Reciplease.release.xcconfig */;
			buildSettings = {
				ASSETCATALOG_COMPILER_APPICON_NAME = AppIcon;
				ASSETCATALOG_COMPILER_GLOBAL_ACCENT_COLOR_NAME = AccentColor;
				CODE_SIGN_STYLE = Automatic;
				DEVELOPMENT_TEAM = 96Q85JB8SS;
				INFOPLIST_FILE = "Reciplease/Supporting Files/Info.plist";
				LD_RUNPATH_SEARCH_PATHS = (
					"$(inherited)",
					"@executable_path/Frameworks",
				);
				PRODUCT_BUNDLE_IDENTIFIER = fr.buewaertromain.Reciplease;
				PRODUCT_NAME = "$(TARGET_NAME)";
				SWIFT_VERSION = 5.0;
				TARGETED_DEVICE_FAMILY = 1;
			};
			name = Release;
		};
/* End XCBuildConfiguration section */

/* Begin XCConfigurationList section */
		697FE7BB26E8EAA00060F0CE /* Build configuration list for PBXProject "Reciplease" */ = {
			isa = XCConfigurationList;
			buildConfigurations = (
				697FE7D526E8EAA10060F0CE /* Debug */,
				697FE7D626E8EAA10060F0CE /* Release */,
			);
			defaultConfigurationIsVisible = 0;
			defaultConfigurationName = Release;
		};
		697FE7D726E8EAA10060F0CE /* Build configuration list for PBXNativeTarget "Reciplease" */ = {
			isa = XCConfigurationList;
			buildConfigurations = (
				697FE7D826E8EAA10060F0CE /* Debug */,
				697FE7D926E8EAA10060F0CE /* Release */,
			);
			defaultConfigurationIsVisible = 0;
			defaultConfigurationName = Release;
		};
/* End XCConfigurationList section */

/* Begin XCVersionGroup section */
		697FE7CC26E8EAA00060F0CE /* Reciplease.xcdatamodeld */ = {
			isa = XCVersionGroup;
			children = (
				697FE7CD26E8EAA00060F0CE /* Reciplease.xcdatamodel */,
			);
			currentVersion = 697FE7CD26E8EAA00060F0CE /* Reciplease.xcdatamodel */;
			path = Reciplease.xcdatamodeld;
			sourceTree = "<group>";
			versionGroupType = wrapper.xcdatamodel;
		};
/* End XCVersionGroup section */
	};
	rootObject = 697FE7B826E8EAA00060F0CE /* Project object */;
}
